
Microsoft Visual Studio Solution File, Format Version 12.00
# Visual Studio 15
VisualStudioVersion = 15.0.27004.2002
MinimumVisualStudioVersion = 10.0.40219.1
Project("{A0786B88-2ADB-4C21-ABE8-AA2D79766269}") = "Lab 7", "Lab 7\Lab 7.phpproj", "{A7E6D831-C55E-42E6-9387-E69C905440AE}"
EndProject
Global
	GlobalSection(SolutionConfigurationPlatforms) = preSolution
		Debug|Any CPU = Debug|Any CPU
		Release|Any CPU = Release|Any CPU
	EndGlobalSection
	GlobalSection(ProjectConfigurationPlatforms) = postSolution
		{A7E6D831-C55E-42E6-9387-E69C905440AE}.Debug|Any CPU.ActiveCfg = Debug|Any CPU
		{A7E6D831-C55E-42E6-9387-E69C905440AE}.Release|Any CPU.ActiveCfg = Release|Any CPU
	EndGlobalSection
	GlobalSection(SolutionProperties) = preSolution
		HideSolutionNode = FALSE
	EndGlobalSection
	GlobalSection(ExtensibilityGlobals) = postSolution
		SolutionGuid = {6758F58C-4EA1-48A6-8963-9D83B00EFBBC}
	EndGlobalSection
EndGlobal
